
Microsoft Visual Studio Solution File, Format Version 12.00
# Visual Studio 15
VisualStudioVersion = 15.0.28307.329
MinimumVisualStudioVersion = 10.0.40219.1
Project("{FAE04EC0-301F-11D3-BF4B-00C04F79EFBC}") = "1", "1\1.csproj", "{2BF44844-FE40-4619-96BD-A904BC91ACAE}"
EndProject
Global
	GlobalSection(SolutionConfigurationPlatforms) = preSolution
		Debug|Any CPU = Debug|Any CPU
		Release|Any CPU = Release|Any CPU
	EndGlobalSection
	GlobalSection(ProjectConfigurationPlatforms) = postSolution
		{2BF44844-FE40-4619-96BD-A904BC91ACAE}.Debug|Any CPU.ActiveCfg = Debug|Any CPU
		{2BF44844-FE40-4619-96BD-A904BC91ACAE}.Debug|Any CPU.Build.0 = Debug|Any CPU
		{2BF44844-FE40-4619-96BD-A904BC91ACAE}.Release|Any CPU.ActiveCfg = Release|Any CPU
		{2BF44844-FE40-4619-96BD-A904BC91ACAE}.Release|Any CPU.Build.0 = Release|Any CPU
	EndGlobalSection
	GlobalSection(SolutionProperties) = preSolution
		HideSolutionNode = FALSE
	EndGlobalSection
	GlobalSection(ExtensibilityGlobals) = postSolution
		SolutionGuid = {97223878-DE70-486E-9D21-010FE6B21761}
	EndGlobalSection
EndGlobal
